
Microsoft Visual Studio Solution File, Format Version 12.00
# Visual Studio Version 17
VisualStudioVersion = 17.9.34607.119
MinimumVisualStudioVersion = 10.0.40219.1
Project("{FAE04EC0-301F-11D3-BF4B-00C04F79EFBC}") = "LRUCache", "LRUCache.csproj", "{DF667745-18CF-44BE-A739-0C0C095751C8}"
EndProject
Global
	GlobalSection(SolutionConfigurationPlatforms) = preSolution
		Debug|Any CPU = Debug|Any CPU
		Release|Any CPU = Release|Any CPU
	EndGlobalSection
	GlobalSection(ProjectConfigurationPlatforms) = postSolution
		{DF667745-18CF-44BE-A739-0C0C095751C8}.Debug|Any CPU.ActiveCfg = Debug|Any CPU
		{DF667745-18CF-44BE-A739-0C0C095751C8}.Debug|Any CPU.Build.0 = Debug|Any CPU
		{DF667745-18CF-44BE-A739-0C0C095751C8}.Release|Any CPU.ActiveCfg = Release|Any CPU
		{DF667745-18CF-44BE-A739-0C0C095751C8}.Release|Any CPU.Build.0 = Release|Any CPU
	EndGlobalSection
	GlobalSection(SolutionProperties) = preSolution
		HideSolutionNode = FALSE
	EndGlobalSection
	GlobalSection(ExtensibilityGlobals) = postSolution
		SolutionGuid = {BDC71020-A65F-47B2-8975-DE5C1B41AF9F}
	EndGlobalSection
EndGlobal
